
Microsoft Visual Studio Solution File, Format Version 12.00
# Visual Studio Version 16
VisualStudioVersion = 16.0.31702.278
MinimumVisualStudioVersion = 10.0.40219.1
Project("{FAE04EC0-301F-11D3-BF4B-00C04F79EFBC}") = "WpfApp2", "WpfApp2\WpfApp2.csproj", "{81E8CEE3-8BDD-45D0-90F0-3B00D3A7B1AF}"
EndProject
Global
	GlobalSection(SolutionConfigurationPlatforms) = preSolution
		Debug|Any CPU = Debug|Any CPU
		Release|Any CPU = Release|Any CPU
	EndGlobalSection
	GlobalSection(ProjectConfigurationPlatforms) = postSolution
		{81E8CEE3-8BDD-45D0-90F0-3B00D3A7B1AF}.Debug|Any CPU.ActiveCfg = Debug|Any CPU
		{81E8CEE3-8BDD-45D0-90F0-3B00D3A7B1AF}.Debug|Any CPU.Build.0 = Debug|Any CPU
		{81E8CEE3-8BDD-45D0-90F0-3B00D3A7B1AF}.Release|Any CPU.ActiveCfg = Release|Any CPU
		{81E8CEE3-8BDD-45D0-90F0-3B00D3A7B1AF}.Release|Any CPU.Build.0 = Release|Any CPU
	EndGlobalSection
	GlobalSection(SolutionProperties) = preSolution
		HideSolutionNode = FALSE
	EndGlobalSection
	GlobalSection(ExtensibilityGlobals) = postSolution
		SolutionGuid = {4ECAC21E-BED0-4D58-91C9-49B66A7D4A41}
	EndGlobalSection
EndGlobal
